
Microsoft Visual Studio Solution File, Format Version 12.00
# Visual Studio Version 17
VisualStudioVersion = 17.1.32228.430
MinimumVisualStudioVersion = 10.0.40219.1
Project("{FAE04EC0-301F-11D3-BF4B-00C04F79EFBC}") = "TabbedMovie.Android", "TabbedMovie\TabbedMovie.Android\TabbedMovie.Android.csproj", "{CAB4DEE6-14F2-45AE-895D-46FEAE99FCCD}"
EndProject
Project("{FAE04EC0-301F-11D3-BF4B-00C04F79EFBC}") = "TabbedMovie", "TabbedMovie\TabbedMovie\TabbedMovie.csproj", "{3A4248D1-3631-4601-8594-F3259EE5A407}"
EndProject
Project("{FAE04EC0-301F-11D3-BF4B-00C04F79EFBC}") = "DataBaseDummyProject", "DataBaseDummyProject\DataBaseDummyProject.csproj", "{B25CF16F-9D89-471A-8530-CB9B38B02A27}"
EndProject
Global
	GlobalSection(SolutionConfigurationPlatforms) = preSolution
		Debug|Any CPU = Debug|Any CPU
		Release|Any CPU = Release|Any CPU
	EndGlobalSection
	GlobalSection(ProjectConfigurationPlatforms) = postSolution
		{CAB4DEE6-14F2-45AE-895D-46FEAE99FCCD}.Debug|Any CPU.ActiveCfg = Debug|Any CPU
		{CAB4DEE6-14F2-45AE-895D-46FEAE99FCCD}.Debug|Any CPU.Build.0 = Debug|Any CPU
		{CAB4DEE6-14F2-45AE-895D-46FEAE99FCCD}.Debug|Any CPU.Deploy.0 = Debug|Any CPU
		{CAB4DEE6-14F2-45AE-895D-46FEAE99FCCD}.Release|Any CPU.ActiveCfg = Release|Any CPU
		{CAB4DEE6-14F2-45AE-895D-46FEAE99FCCD}.Release|Any CPU.Build.0 = Release|Any CPU
		{CAB4DEE6-14F2-45AE-895D-46FEAE99FCCD}.Release|Any CPU.Deploy.0 = Release|Any CPU
		{3A4248D1-3631-4601-8594-F3259EE5A407}.Debug|Any CPU.ActiveCfg = Debug|Any CPU
		{3A4248D1-3631-4601-8594-F3259EE5A407}.Debug|Any CPU.Build.0 = Debug|Any CPU
		{3A4248D1-3631-4601-8594-F3259EE5A407}.Debug|Any CPU.Deploy.0 = Debug|Any CPU
		{3A4248D1-3631-4601-8594-F3259EE5A407}.Release|Any CPU.ActiveCfg = Release|Any CPU
		{3A4248D1-3631-4601-8594-F3259EE5A407}.Release|Any CPU.Build.0 = Release|Any CPU
		{3A4248D1-3631-4601-8594-F3259EE5A407}.Release|Any CPU.Deploy.0 = Release|Any CPU
		{B25CF16F-9D89-471A-8530-CB9B38B02A27}.Debug|Any CPU.ActiveCfg = Debug|Any CPU
		{B25CF16F-9D89-471A-8530-CB9B38B02A27}.Debug|Any CPU.Build.0 = Debug|Any CPU
		{B25CF16F-9D89-471A-8530-CB9B38B02A27}.Release|Any CPU.ActiveCfg = Release|Any CPU
		{B25CF16F-9D89-471A-8530-CB9B38B02A27}.Release|Any CPU.Build.0 = Release|Any CPU
	EndGlobalSection
	GlobalSection(SolutionProperties) = preSolution
		HideSolutionNode = FALSE
	EndGlobalSection
	GlobalSection(ExtensibilityGlobals) = postSolution
		SolutionGuid = {9D538817-4165-42E4-921F-BCDD788D6A7C}
	EndGlobalSection
EndGlobal
